# Exact runtime set from the known-good Python 3.13 environment.
colour-science==0.4.7
contourpy==1.3.3
cycler==0.12.1
exiv2==0.18.1
fonttools==4.63.0
imageio==2.37.4
kiwisolver==1.5.1
lazy-loader==0.5
lensfunpy==1.18.0
llvmlite==0.49.0
markdown==3.10.3
matplotlib==3.11.1
networkx==3.6.1
numba==0.67.0
numpy==2.5.2
openimageio==3.1.16.0
opt-einsum==3.4.0
packaging==26.3
pillow==12.3.0
pyfftw==0.15.1
pyparsing==3.3.2
python-dateutil==2.9.0.post0
# macOS adds rawpy_openmp with deterministic X-Trans scheduling; stock is fallback.
rawpy==0.26.1
scikit-image==0.26.0
scipy==1.18.1
six==1.17.0
tifffile==2026.8.23
